
Microsoft Visual Studio Solution File, Format Version 12.00
# Visual Studio Version 17
VisualStudioVersion = 17.8.34330.188
MinimumVisualStudioVersion = 10.0.40219.1
Project("{FAE04EC0-301F-11D3-BF4B-00C04F79EFBC}") = "RegistroDeEstudiantes", "RegistroDeEstudiantes\RegistroDeEstudiantes.csproj", "{DCF95B0F-F0F5-4055-B1F0-3A94393CF60D}"
EndProject
Project("{FAE04EC0-301F-11D3-BF4B-00C04F79EFBC}") = "Data", "Data\Data.csproj", "{D00CDA2F-DFB5-4D0B-A613-64D1FBAF8B87}"
EndProject
Project("{FAE04EC0-301F-11D3-BF4B-00C04F79EFBC}") = "Logica", "Logica\Logica.csproj", "{B86C3052-3308-42EA-B984-A9AB0698C3C2}"
EndProject
Project("{2150E333-8FDC-42A3-9474-1A3956D46DE8}") = "Elementos de la solución", "Elementos de la solución", "{716CAA5C-D938-441B-97EC-A1A2C0977879}"
	ProjectSection(SolutionItems) = preProject
		.gitignore = .gitignore
	EndProjectSection
EndProject
Global
	GlobalSection(SolutionConfigurationPlatforms) = preSolution
		Debug|Any CPU = Debug|Any CPU
		Release|Any CPU = Release|Any CPU
	EndGlobalSection
	GlobalSection(ProjectConfigurationPlatforms) = postSolution
		{DCF95B0F-F0F5-4055-B1F0-3A94393CF60D}.Debug|Any CPU.ActiveCfg = Debug|Any CPU
		{DCF95B0F-F0F5-4055-B1F0-3A94393CF60D}.Debug|Any CPU.Build.0 = Debug|Any CPU
		{DCF95B0F-F0F5-4055-B1F0-3A94393CF60D}.Release|Any CPU.ActiveCfg = Release|Any CPU
		{DCF95B0F-F0F5-4055-B1F0-3A94393CF60D}.Release|Any CPU.Build.0 = Release|Any CPU
		{D00CDA2F-DFB5-4D0B-A613-64D1FBAF8B87}.Debug|Any CPU.ActiveCfg = Debug|Any CPU
		{D00CDA2F-DFB5-4D0B-A613-64D1FBAF8B87}.Debug|Any CPU.Build.0 = Debug|Any CPU
		{D00CDA2F-DFB5-4D0B-A613-64D1FBAF8B87}.Release|Any CPU.ActiveCfg = Release|Any CPU
		{D00CDA2F-DFB5-4D0B-A613-64D1FBAF8B87}.Release|Any CPU.Build.0 = Release|Any CPU
		{B86C3052-3308-42EA-B984-A9AB0698C3C2}.Debug|Any CPU.ActiveCfg = Debug|Any CPU
		{B86C3052-3308-42EA-B984-A9AB0698C3C2}.Debug|Any CPU.Build.0 = Debug|Any CPU
		{B86C3052-3308-42EA-B984-A9AB0698C3C2}.Release|Any CPU.ActiveCfg = Release|Any CPU
		{B86C3052-3308-42EA-B984-A9AB0698C3C2}.Release|Any CPU.Build.0 = Release|Any CPU
	EndGlobalSection
	GlobalSection(SolutionProperties) = preSolution
		HideSolutionNode = FALSE
	EndGlobalSection
	GlobalSection(ExtensibilityGlobals) = postSolution
		SolutionGuid = {6559EFC9-80DB-41BC-8045-28F3522B06FB}
	EndGlobalSection
EndGlobal
